
Microsoft Visual Studio Solution File, Format Version 12.00
# Visual Studio 15
VisualStudioVersion = 15.0.27428.2037
MinimumVisualStudioVersion = 10.0.40219.1
Project("{9A19103F-16F7-4668-BE54-9A1E7A4F7556}") = "EmbeddedServer", "EmbeddedServer\EmbeddedServer.csproj", "{258D4499-64B6-4837-8564-A60B8749227C}"
EndProject
Project("{9A19103F-16F7-4668-BE54-9A1E7A4F7556}") = "XUnitTestProject1", "XUnitTestProject1\XUnitTestProject1.csproj", "{97F05CD2-16AA-4331-B5BD-69290C01C066}"
EndProject
Project("{9A19103F-16F7-4668-BE54-9A1E7A4F7556}") = "WebAdminPanel", "..\WebAdminPanel\WebAdminPanel\WebAdminPanel.csproj", "{AC2AF142-AF83-40C8-9E1E-0CDAB8FE6EF9}"
EndProject
Global
	GlobalSection(SolutionConfigurationPlatforms) = preSolution
		Debug|Any CPU = Debug|Any CPU
		Release|Any CPU = Release|Any CPU
	EndGlobalSection
	GlobalSection(ProjectConfigurationPlatforms) = postSolution
		{258D4499-64B6-4837-8564-A60B8749227C}.Debug|Any CPU.ActiveCfg = Debug|Any CPU
		{258D4499-64B6-4837-8564-A60B8749227C}.Debug|Any CPU.Build.0 = Debug|Any CPU
		{258D4499-64B6-4837-8564-A60B8749227C}.Release|Any CPU.ActiveCfg = Release|Any CPU
		{258D4499-64B6-4837-8564-A60B8749227C}.Release|Any CPU.Build.0 = Release|Any CPU
		{97F05CD2-16AA-4331-B5BD-69290C01C066}.Debug|Any CPU.ActiveCfg = Debug|Any CPU
		{97F05CD2-16AA-4331-B5BD-69290C01C066}.Debug|Any CPU.Build.0 = Debug|Any CPU
		{97F05CD2-16AA-4331-B5BD-69290C01C066}.Release|Any CPU.ActiveCfg = Release|Any CPU
		{97F05CD2-16AA-4331-B5BD-69290C01C066}.Release|Any CPU.Build.0 = Release|Any CPU
		{AC2AF142-AF83-40C8-9E1E-0CDAB8FE6EF9}.Debug|Any CPU.ActiveCfg = Debug|Any CPU
		{AC2AF142-AF83-40C8-9E1E-0CDAB8FE6EF9}.Debug|Any CPU.Build.0 = Debug|Any CPU
		{AC2AF142-AF83-40C8-9E1E-0CDAB8FE6EF9}.Release|Any CPU.ActiveCfg = Release|Any CPU
		{AC2AF142-AF83-40C8-9E1E-0CDAB8FE6EF9}.Release|Any CPU.Build.0 = Release|Any CPU
	EndGlobalSection
	GlobalSection(SolutionProperties) = preSolution
		HideSolutionNode = FALSE
	EndGlobalSection
	GlobalSection(ExtensibilityGlobals) = postSolution
		SolutionGuid = {9A4C1126-99FB-481E-953A-5BE8CDA66BA5}
	EndGlobalSection
EndGlobal
